
Microsoft Visual Studio Solution File, Format Version 12.00
# Visual Studio Version 16
VisualStudioVersion = 16.0.31410.357
MinimumVisualStudioVersion = 10.0.40219.1
Project("{FAE04EC0-301F-11D3-BF4B-00C04F79EFBC}") = "HotelCrown", "HotelCrown\HotelCrown.csproj", "{7CAE20FF-CC48-4710-A07B-8B421D0853FF}"
EndProject
Global
	GlobalSection(SolutionConfigurationPlatforms) = preSolution
		Debug|Any CPU = Debug|Any CPU
		Release|Any CPU = Release|Any CPU
	EndGlobalSection
	GlobalSection(ProjectConfigurationPlatforms) = postSolution
		{7CAE20FF-CC48-4710-A07B-8B421D0853FF}.Debug|Any CPU.ActiveCfg = Debug|Any CPU
		{7CAE20FF-CC48-4710-A07B-8B421D0853FF}.Debug|Any CPU.Build.0 = Debug|Any CPU
		{7CAE20FF-CC48-4710-A07B-8B421D0853FF}.Release|Any CPU.ActiveCfg = Release|Any CPU
		{7CAE20FF-CC48-4710-A07B-8B421D0853FF}.Release|Any CPU.Build.0 = Release|Any CPU
	EndGlobalSection
	GlobalSection(SolutionProperties) = preSolution
		HideSolutionNode = FALSE
	EndGlobalSection
	GlobalSection(ExtensibilityGlobals) = postSolution
		SolutionGuid = {37B1F7CD-0EC6-4F85-B2FA-E8F956600187}
	EndGlobalSection
EndGlobal
